// !$*UTF8*$!
{
	archiveVersion = 1;
	classes = {
	};
	objectVersion = 48;
	objects = {

/* Begin PBXBuildFile section */
		F310C60D20409DD200D38489 /* NewtKit.h in Headers */ = {isa = PBXBuildFile; fileRef = F3A6BAFF2030B549007AF2DB /* NewtKit.h */; settings = {ATTRIBUTES = (Public, ); }; };
		F310C61D20409E3100D38489 /* NewtKit_macOS.h in Headers */ = {isa = PBXBuildFile; fileRef = F310C61B20409E3100D38489 /* NewtKit_macOS.h */; settings = {ATTRIBUTES = (Public, ); }; };
		F310C62120409E4900D38489 /* NewtService.swift in Sources */ = {isa = PBXBuildFile; fileRef = F3E9D85820321B990085424F /* NewtService.swift */; };
		F310C62220409E4900D38489 /* Constants.swift in Sources */ = {isa = PBXBuildFile; fileRef = F3A6BB1C2030BC73007AF2DB /* Constants.swift */; };
		F310C62420409E4900D38489 /* Packet.swift in Sources */ = {isa = PBXBuildFile; fileRef = F3A6BB192030B621007AF2DB /* Packet.swift */; };
		F310C62520409E4900D38489 /* Image.swift in Sources */ = {isa = PBXBuildFile; fileRef = F35FFDB820338E5C00095DCA /* Image.swift */; };
		F310C62620409E4900D38489 /* NewtOperation.swift in Sources */ = {isa = PBXBuildFile; fileRef = F3E9D85320321B0A0085424F /* NewtOperation.swift */; };
		F310C62720409E4900D38489 /* ImageListOperation.swift in Sources */ = {isa = PBXBuildFile; fileRef = F3E9D85B20321CD30085424F /* ImageListOperation.swift */; };
		F310C62820409E4900D38489 /* StatsListOperation.swift in Sources */ = {isa = PBXBuildFile; fileRef = F3E9D85F203256120085424F /* StatsListOperation.swift */; };
		F310C62920409E4900D38489 /* ResetOperation.swift in Sources */ = {isa = PBXBuildFile; fileRef = F35FFDBB203393D000095DCA /* ResetOperation.swift */; };
		F310C62A20409E4900D38489 /* EraseOperation.swift in Sources */ = {isa = PBXBuildFile; fileRef = F3DD97132034B861006B1235 /* EraseOperation.swift */; };
		F310C62B20409E4900D38489 /* ConfirmOperation.swift in Sources */ = {isa = PBXBuildFile; fileRef = F3DD97172034B8DF006B1235 /* ConfirmOperation.swift */; };
		F310C62C20409E4900D38489 /* TestOperation.swift in Sources */ = {isa = PBXBuildFile; fileRef = F3DD971A2034BE34006B1235 /* TestOperation.swift */; };
		F310C62D20409E4900D38489 /* UploadOperation.swift in Sources */ = {isa = PBXBuildFile; fileRef = F3DD971D2034BEF7006B1235 /* UploadOperation.swift */; };
		F310C62E20409E4900D38489 /* Data+Util.swift in Sources */ = {isa = PBXBuildFile; fileRef = F35FFDB620336CFD00095DCA /* Data+Util.swift */; };
		F34D073B205D1F8700946F3F /* TaskStatsOperation.swift in Sources */ = {isa = PBXBuildFile; fileRef = F34D073A205D1F8700946F3F /* TaskStatsOperation.swift */; };
		F34D073C205D1F8700946F3F /* TaskStatsOperation.swift in Sources */ = {isa = PBXBuildFile; fileRef = F34D073A205D1F8700946F3F /* TaskStatsOperation.swift */; };
		F34D073D205D1F8700946F3F /* TaskStatsOperation.swift in Sources */ = {isa = PBXBuildFile; fileRef = F34D073A205D1F8700946F3F /* TaskStatsOperation.swift */; };
		F34D0746205D200E00946F3F /* TaskStat.swift in Sources */ = {isa = PBXBuildFile; fileRef = F34D0745205D200E00946F3F /* TaskStat.swift */; };
		F34D0747205D200E00946F3F /* TaskStat.swift in Sources */ = {isa = PBXBuildFile; fileRef = F34D0745205D200E00946F3F /* TaskStat.swift */; };
		F34D0748205D200E00946F3F /* TaskStat.swift in Sources */ = {isa = PBXBuildFile; fileRef = F34D0745205D200E00946F3F /* TaskStat.swift */; };
		F34D074A205D2ED400946F3F /* MPStatsOperation.swift in Sources */ = {isa = PBXBuildFile; fileRef = F34D0749205D2ED400946F3F /* MPStatsOperation.swift */; };
		F34D074B205D2ED400946F3F /* MPStatsOperation.swift in Sources */ = {isa = PBXBuildFile; fileRef = F34D0749205D2ED400946F3F /* MPStatsOperation.swift */; };
		F34D074C205D2ED400946F3F /* MPStatsOperation.swift in Sources */ = {isa = PBXBuildFile; fileRef = F34D0749205D2ED400946F3F /* MPStatsOperation.swift */; };
		F34D0758205D37AA00946F3F /* MPStat.swift in Sources */ = {isa = PBXBuildFile; fileRef = F34D0757205D37AA00946F3F /* MPStat.swift */; };
		F34D0759205D37AA00946F3F /* MPStat.swift in Sources */ = {isa = PBXBuildFile; fileRef = F34D0757205D37AA00946F3F /* MPStat.swift */; };
		F34D075A205D37AA00946F3F /* MPStat.swift in Sources */ = {isa = PBXBuildFile; fileRef = F34D0757205D37AA00946F3F /* MPStat.swift */; };
		F34D0762205D3CFF00946F3F /* LogClearOperation.swift in Sources */ = {isa = PBXBuildFile; fileRef = F34D0761205D3CFF00946F3F /* LogClearOperation.swift */; };
		F34D0763205D3CFF00946F3F /* LogClearOperation.swift in Sources */ = {isa = PBXBuildFile; fileRef = F34D0761205D3CFF00946F3F /* LogClearOperation.swift */; };
		F34D0764205D3CFF00946F3F /* LogClearOperation.swift in Sources */ = {isa = PBXBuildFile; fileRef = F34D0761205D3CFF00946F3F /* LogClearOperation.swift */; };
		F34D0766205D3D0C00946F3F /* LogLevelListOperation.swift in Sources */ = {isa = PBXBuildFile; fileRef = F34D0765205D3D0C00946F3F /* LogLevelListOperation.swift */; };
		F34D0767205D3D0C00946F3F /* LogLevelListOperation.swift in Sources */ = {isa = PBXBuildFile; fileRef = F34D0765205D3D0C00946F3F /* LogLevelListOperation.swift */; };
		F34D0768205D3D0C00946F3F /* LogLevelListOperation.swift in Sources */ = {isa = PBXBuildFile; fileRef = F34D0765205D3D0C00946F3F /* LogLevelListOperation.swift */; };
		F34D076E205D3D1C00946F3F /* LogListOperation.swift in Sources */ = {isa = PBXBuildFile; fileRef = F34D076D205D3D1C00946F3F /* LogListOperation.swift */; };
		F34D076F205D3D1C00946F3F /* LogListOperation.swift in Sources */ = {isa = PBXBuildFile; fileRef = F34D076D205D3D1C00946F3F /* LogListOperation.swift */; };
		F34D0770205D3D1C00946F3F /* LogListOperation.swift in Sources */ = {isa = PBXBuildFile; fileRef = F34D076D205D3D1C00946F3F /* LogListOperation.swift */; };
		F34D0772205D3D2F00946F3F /* LogModuleListOperation.swift in Sources */ = {isa = PBXBuildFile; fileRef = F34D0771205D3D2F00946F3F /* LogModuleListOperation.swift */; };
		F34D0773205D3D2F00946F3F /* LogModuleListOperation.swift in Sources */ = {isa = PBXBuildFile; fileRef = F34D0771205D3D2F00946F3F /* LogModuleListOperation.swift */; };
		F34D0774205D3D2F00946F3F /* LogModuleListOperation.swift in Sources */ = {isa = PBXBuildFile; fileRef = F34D0771205D3D2F00946F3F /* LogModuleListOperation.swift */; };
		F34D0776205D3D3D00946F3F /* LogShowOperation.swift in Sources */ = {isa = PBXBuildFile; fileRef = F34D0775205D3D3D00946F3F /* LogShowOperation.swift */; };
		F34D0777205D3D3D00946F3F /* LogShowOperation.swift in Sources */ = {isa = PBXBuildFile; fileRef = F34D0775205D3D3D00946F3F /* LogShowOperation.swift */; };
		F34D0778205D3D3D00946F3F /* LogShowOperation.swift in Sources */ = {isa = PBXBuildFile; fileRef = F34D0775205D3D3D00946F3F /* LogShowOperation.swift */; };
		F34D077A205D426900946F3F /* LogLevel.swift in Sources */ = {isa = PBXBuildFile; fileRef = F34D0779205D426900946F3F /* LogLevel.swift */; };
		F34D077B205D426900946F3F /* LogLevel.swift in Sources */ = {isa = PBXBuildFile; fileRef = F34D0779205D426900946F3F /* LogLevel.swift */; };
		F34D077C205D426900946F3F /* LogLevel.swift in Sources */ = {isa = PBXBuildFile; fileRef = F34D0779205D426900946F3F /* LogLevel.swift */; };
		F34D077E205D439000946F3F /* LogModule.swift in Sources */ = {isa = PBXBuildFile; fileRef = F34D077D205D439000946F3F /* LogModule.swift */; };
		F34D077F205D439000946F3F /* LogModule.swift in Sources */ = {isa = PBXBuildFile; fileRef = F34D077D205D439000946F3F /* LogModule.swift */; };
		F34D0780205D439000946F3F /* LogModule.swift in Sources */ = {isa = PBXBuildFile; fileRef = F34D077D205D439000946F3F /* LogModule.swift */; };
		F34D0782205D6ABB00946F3F /* StatsOperation.swift in Sources */ = {isa = PBXBuildFile; fileRef = F34D0781205D6ABB00946F3F /* StatsOperation.swift */; };
		F34D0783205D6ABB00946F3F /* StatsOperation.swift in Sources */ = {isa = PBXBuildFile; fileRef = F34D0781205D6ABB00946F3F /* StatsOperation.swift */; };
		F34D0784205D6ABB00946F3F /* StatsOperation.swift in Sources */ = {isa = PBXBuildFile; fileRef = F34D0781205D6ABB00946F3F /* StatsOperation.swift */; };
		F34D3D5720409D6800FC6957 /* NewtService.swift in Sources */ = {isa = PBXBuildFile; fileRef = F3E9D85820321B990085424F /* NewtService.swift */; };
		F34D3D5820409D6800FC6957 /* Constants.swift in Sources */ = {isa = PBXBuildFile; fileRef = F3A6BB1C2030BC73007AF2DB /* Constants.swift */; };
		F34D3D5A20409D6800FC6957 /* Packet.swift in Sources */ = {isa = PBXBuildFile; fileRef = F3A6BB192030B621007AF2DB /* Packet.swift */; };
		F34D3D5B20409D6800FC6957 /* Image.swift in Sources */ = {isa = PBXBuildFile; fileRef = F35FFDB820338E5C00095DCA /* Image.swift */; };
		F34D3D5C20409D6D00FC6957 /* NewtOperation.swift in Sources */ = {isa = PBXBuildFile; fileRef = F3E9D85320321B0A0085424F /* NewtOperation.swift */; };
		F34D3D5D20409D6D00FC6957 /* ImageListOperation.swift in Sources */ = {isa = PBXBuildFile; fileRef = F3E9D85B20321CD30085424F /* ImageListOperation.swift */; };
		F34D3D5E20409D6D00FC6957 /* StatsListOperation.swift in Sources */ = {isa = PBXBuildFile; fileRef = F3E9D85F203256120085424F /* StatsListOperation.swift */; };
		F34D3D5F20409D6D00FC6957 /* ResetOperation.swift in Sources */ = {isa = PBXBuildFile; fileRef = F35FFDBB203393D000095DCA /* ResetOperation.swift */; };
		F34D3D6020409D6D00FC6957 /* EraseOperation.swift in Sources */ = {isa = PBXBuildFile; fileRef = F3DD97132034B861006B1235 /* EraseOperation.swift */; };
		F34D3D6120409D6D00FC6957 /* ConfirmOperation.swift in Sources */ = {isa = PBXBuildFile; fileRef = F3DD97172034B8DF006B1235 /* ConfirmOperation.swift */; };
		F34D3D6220409D6D00FC6957 /* TestOperation.swift in Sources */ = {isa = PBXBuildFile; fileRef = F3DD971A2034BE34006B1235 /* TestOperation.swift */; };
		F34D3D6320409D6D00FC6957 /* UploadOperation.swift in Sources */ = {isa = PBXBuildFile; fileRef = F3DD971D2034BEF7006B1235 /* UploadOperation.swift */; };
		F34D3D6420409D7200FC6957 /* Data+Util.swift in Sources */ = {isa = PBXBuildFile; fileRef = F35FFDB620336CFD00095DCA /* Data+Util.swift */; };
		F3525A4E205D6BFF004547F6 /* Stat.swift in Sources */ = {isa = PBXBuildFile; fileRef = F3525A4D205D6BFF004547F6 /* Stat.swift */; };
		F3525A4F205D6BFF004547F6 /* Stat.swift in Sources */ = {isa = PBXBuildFile; fileRef = F3525A4D205D6BFF004547F6 /* Stat.swift */; };
		F3525A50205D6BFF004547F6 /* Stat.swift in Sources */ = {isa = PBXBuildFile; fileRef = F3525A4D205D6BFF004547F6 /* Stat.swift */; };
		F35FFDBA20338E5C00095DCA /* Image.swift in Sources */ = {isa = PBXBuildFile; fileRef = F35FFDB820338E5C00095DCA /* Image.swift */; };
		F35FFDBD203393D000095DCA /* ResetOperation.swift in Sources */ = {isa = PBXBuildFile; fileRef = F35FFDBB203393D000095DCA /* ResetOperation.swift */; };
		F3A6BB0B2030B549007AF2DB /* NewtKitTests.swift in Sources */ = {isa = PBXBuildFile; fileRef = F3A6BB0A2030B549007AF2DB /* NewtKitTests.swift */; };
		F3A6BB1B2030B621007AF2DB /* Packet.swift in Sources */ = {isa = PBXBuildFile; fileRef = F3A6BB192030B621007AF2DB /* Packet.swift */; };
		F3A6BB1E2030BC73007AF2DB /* Constants.swift in Sources */ = {isa = PBXBuildFile; fileRef = F3A6BB1C2030BC73007AF2DB /* Constants.swift */; };
		F3DD97152034B861006B1235 /* EraseOperation.swift in Sources */ = {isa = PBXBuildFile; fileRef = F3DD97132034B861006B1235 /* EraseOperation.swift */; };
		F3DD97192034B8DF006B1235 /* ConfirmOperation.swift in Sources */ = {isa = PBXBuildFile; fileRef = F3DD97172034B8DF006B1235 /* ConfirmOperation.swift */; };
		F3DD971C2034BE34006B1235 /* TestOperation.swift in Sources */ = {isa = PBXBuildFile; fileRef = F3DD971A2034BE34006B1235 /* TestOperation.swift */; };
		F3DD971F2034BEF7006B1235 /* UploadOperation.swift in Sources */ = {isa = PBXBuildFile; fileRef = F3DD971D2034BEF7006B1235 /* UploadOperation.swift */; };
		F3E9D85520321B0A0085424F /* NewtOperation.swift in Sources */ = {isa = PBXBuildFile; fileRef = F3E9D85320321B0A0085424F /* NewtOperation.swift */; };
		F3E9D85A20321B990085424F /* NewtService.swift in Sources */ = {isa = PBXBuildFile; fileRef = F3E9D85820321B990085424F /* NewtService.swift */; };
		F3E9D85D20321CD30085424F /* ImageListOperation.swift in Sources */ = {isa = PBXBuildFile; fileRef = F3E9D85B20321CD30085424F /* ImageListOperation.swift */; };
		F3E9D861203256120085424F /* StatsListOperation.swift in Sources */ = {isa = PBXBuildFile; fileRef = F3E9D85F203256120085424F /* StatsListOperation.swift */; };
		F3EEAEB5207D373800EBB84E /* Result.framework in Frameworks */ = {isa = PBXBuildFile; fileRef = F3EEAEB4207D373800EBB84E /* Result.framework */; };
/* End PBXBuildFile section */

/* Begin PBXFileReference section */
		F310C61920409E3100D38489 /* NewtKit_macOS.framework */ = {isa = PBXFileReference; explicitFileType = wrapper.framework; includeInIndex = 0; path = NewtKit_macOS.framework; sourceTree = BUILT_PRODUCTS_DIR; };
		F310C61B20409E3100D38489 /* NewtKit_macOS.h */ = {isa = PBXFileReference; lastKnownFileType = sourcecode.c.h; path = NewtKit_macOS.h; sourceTree = "<group>"; };
		F310C61C20409E3100D38489 /* Info.plist */ = {isa = PBXFileReference; lastKnownFileType = text.plist.xml; path = Info.plist; sourceTree = "<group>"; };
		F34D073A205D1F8700946F3F /* TaskStatsOperation.swift */ = {isa = PBXFileReference; lastKnownFileType = sourcecode.swift; path = TaskStatsOperation.swift; sourceTree = "<group>"; };
		F34D0745205D200E00946F3F /* TaskStat.swift */ = {isa = PBXFileReference; lastKnownFileType = sourcecode.swift; path = TaskStat.swift; sourceTree = "<group>"; };
		F34D0749205D2ED400946F3F /* MPStatsOperation.swift */ = {isa = PBXFileReference; lastKnownFileType = sourcecode.swift; path = MPStatsOperation.swift; sourceTree = "<group>"; };
		F34D0757205D37AA00946F3F /* MPStat.swift */ = {isa = PBXFileReference; lastKnownFileType = sourcecode.swift; path = MPStat.swift; sourceTree = "<group>"; };
		F34D0761205D3CFF00946F3F /* LogClearOperation.swift */ = {isa = PBXFileReference; lastKnownFileType = sourcecode.swift; path = LogClearOperation.swift; sourceTree = "<group>"; };
		F34D0765205D3D0C00946F3F /* LogLevelListOperation.swift */ = {isa = PBXFileReference; lastKnownFileType = sourcecode.swift; path = LogLevelListOperation.swift; sourceTree = "<group>"; };
		F34D076D205D3D1C00946F3F /* LogListOperation.swift */ = {isa = PBXFileReference; lastKnownFileType = sourcecode.swift; path = LogListOperation.swift; sourceTree = "<group>"; };
		F34D0771205D3D2F00946F3F /* LogModuleListOperation.swift */ = {isa = PBXFileReference; lastKnownFileType = sourcecode.swift; path = LogModuleListOperation.swift; sourceTree = "<group>"; };
		F34D0775205D3D3D00946F3F /* LogShowOperation.swift */ = {isa = PBXFileReference; lastKnownFileType = sourcecode.swift; path = LogShowOperation.swift; sourceTree = "<group>"; };
		F34D0779205D426900946F3F /* LogLevel.swift */ = {isa = PBXFileReference; lastKnownFileType = sourcecode.swift; path = LogLevel.swift; sourceTree = "<group>"; };
		F34D077D205D439000946F3F /* LogModule.swift */ = {isa = PBXFileReference; lastKnownFileType = sourcecode.swift; path = LogModule.swift; sourceTree = "<group>"; };
		F34D0781205D6ABB00946F3F /* StatsOperation.swift */ = {isa = PBXFileReference; lastKnownFileType = sourcecode.swift; path = StatsOperation.swift; sourceTree = "<group>"; };
		F34D3D4F20409D5800FC6957 /* NewtKit.framework */ = {isa = PBXFileReference; explicitFileType = wrapper.framework; includeInIndex = 0; path = NewtKit.framework; sourceTree = BUILT_PRODUCTS_DIR; };
		F3525A4D205D6BFF004547F6 /* Stat.swift */ = {isa = PBXFileReference; lastKnownFileType = sourcecode.swift; path = Stat.swift; sourceTree = "<group>"; };
		F35FFDB620336CFD00095DCA /* Data+Util.swift */ = {isa = PBXFileReference; fileEncoding = 4; lastKnownFileType = sourcecode.swift; path = "Data+Util.swift"; sourceTree = "<group>"; };
		F35FFDB820338E5C00095DCA /* Image.swift */ = {isa = PBXFileReference; lastKnownFileType = sourcecode.swift; path = Image.swift; sourceTree = "<group>"; };
		F35FFDBB203393D000095DCA /* ResetOperation.swift */ = {isa = PBXFileReference; fileEncoding = 4; lastKnownFileType = sourcecode.swift; path = ResetOperation.swift; sourceTree = "<group>"; };
		F3A6BAFF2030B549007AF2DB /* NewtKit.h */ = {isa = PBXFileReference; lastKnownFileType = sourcecode.c.h; path = NewtKit.h; sourceTree = "<group>"; };
		F3A6BB002030B549007AF2DB /* Info.plist */ = {isa = PBXFileReference; lastKnownFileType = text.plist.xml; path = Info.plist; sourceTree = "<group>"; };
		F3A6BB052030B549007AF2DB /* NewtKitTests.xctest */ = {isa = PBXFileReference; explicitFileType = wrapper.cfbundle; includeInIndex = 0; path = NewtKitTests.xctest; sourceTree = BUILT_PRODUCTS_DIR; };
		F3A6BB0A2030B549007AF2DB /* NewtKitTests.swift */ = {isa = PBXFileReference; lastKnownFileType = sourcecode.swift; path = NewtKitTests.swift; sourceTree = "<group>"; };
		F3A6BB0C2030B549007AF2DB /* Info.plist */ = {isa = PBXFileReference; lastKnownFileType = text.plist.xml; path = Info.plist; sourceTree = "<group>"; };
		F3A6BB192030B621007AF2DB /* Packet.swift */ = {isa = PBXFileReference; lastKnownFileType = sourcecode.swift; path = Packet.swift; sourceTree = "<group>"; };
		F3A6BB1C2030BC73007AF2DB /* Constants.swift */ = {isa = PBXFileReference; lastKnownFileType = sourcecode.swift; path = Constants.swift; sourceTree = "<group>"; };
		F3DD97132034B861006B1235 /* EraseOperation.swift */ = {isa = PBXFileReference; fileEncoding = 4; lastKnownFileType = sourcecode.swift; path = EraseOperation.swift; sourceTree = "<group>"; };
		F3DD97172034B8DF006B1235 /* ConfirmOperation.swift */ = {isa = PBXFileReference; fileEncoding = 4; lastKnownFileType = sourcecode.swift; path = ConfirmOperation.swift; sourceTree = "<group>"; };
		F3DD971A2034BE34006B1235 /* TestOperation.swift */ = {isa = PBXFileReference; fileEncoding = 4; lastKnownFileType = sourcecode.swift; path = TestOperation.swift; sourceTree = "<group>"; };
		F3DD971D2034BEF7006B1235 /* UploadOperation.swift */ = {isa = PBXFileReference; fileEncoding = 4; lastKnownFileType = sourcecode.swift; path = UploadOperation.swift; sourceTree = "<group>"; };
		F3E9D85320321B0A0085424F /* NewtOperation.swift */ = {isa = PBXFileReference; lastKnownFileType = sourcecode.swift; path = NewtOperation.swift; sourceTree = "<group>"; };
		F3E9D85820321B990085424F /* NewtService.swift */ = {isa = PBXFileReference; lastKnownFileType = sourcecode.swift; path = NewtService.swift; sourceTree = "<group>"; };
		F3E9D85B20321CD30085424F /* ImageListOperation.swift */ = {isa = PBXFileReference; lastKnownFileType = sourcecode.swift; path = ImageListOperation.swift; sourceTree = "<group>"; };
		F3E9D85F203256120085424F /* StatsListOperation.swift */ = {isa = PBXFileReference; fileEncoding = 4; lastKnownFileType = sourcecode.swift; path = StatsListOperation.swift; sourceTree = "<group>"; };
		F3EEAEB4207D373800EBB84E /* Result.framework */ = {isa = PBXFileReference; explicitFileType = wrapper.framework; path = Result.framework; sourceTree = BUILT_PRODUCTS_DIR; };
/* End PBXFileReference section */

/* Begin PBXFrameworksBuildPhase section */
		F310C61520409E3100D38489 /* Frameworks */ = {
			isa = PBXFrameworksBuildPhase;
			buildActionMask = 2147483647;
			files = (
			);
			runOnlyForDeploymentPostprocessing = 0;
		};
		F34D3D4B20409D5800FC6957 /* Frameworks */ = {
			isa = PBXFrameworksBuildPhase;
			buildActionMask = 2147483647;
			files = (
				F3EEAEB5207D373800EBB84E /* Result.framework in Frameworks */,
			);
			runOnlyForDeploymentPostprocessing = 0;
		};
		F3A6BB022030B549007AF2DB /* Frameworks */ = {
			isa = PBXFrameworksBuildPhase;
			buildActionMask = 2147483647;
			files = (
			);
			runOnlyForDeploymentPostprocessing = 0;
		};
/* End PBXFrameworksBuildPhase section */

/* Begin PBXGroup section */
		F310C61A20409E3100D38489 /* NewtKit-macOS */ = {
			isa = PBXGroup;
			children = (
				F310C61B20409E3100D38489 /* NewtKit_macOS.h */,
				F310C61C20409E3100D38489 /* Info.plist */,
			);
			path = "NewtKit-macOS";
			sourceTree = "<group>";
		};
		F34D0744205D1FFA00946F3F /* Model */ = {
			isa = PBXGroup;
			children = (
				F35FFDB820338E5C00095DCA /* Image.swift */,
				F34D0745205D200E00946F3F /* TaskStat.swift */,
				F34D0757205D37AA00946F3F /* MPStat.swift */,
				F34D0779205D426900946F3F /* LogLevel.swift */,
				F34D077D205D439000946F3F /* LogModule.swift */,
				F3525A4D205D6BFF004547F6 /* Stat.swift */,
			);
			path = Model;
			sourceTree = "<group>";
		};
		F34D3CC5204097AD00FC6957 /* Extensions */ = {
			isa = PBXGroup;
			children = (
				F35FFDB620336CFD00095DCA /* Data+Util.swift */,
			);
			path = Extensions;
			sourceTree = "<group>";
		};
		F35FFDBE2033980800095DCA /* Operations */ = {
			isa = PBXGroup;
			children = (
				F3E9D85320321B0A0085424F /* NewtOperation.swift */,
				F3E9D85B20321CD30085424F /* ImageListOperation.swift */,
				F3E9D85F203256120085424F /* StatsListOperation.swift */,
				F34D0781205D6ABB00946F3F /* StatsOperation.swift */,
				F35FFDBB203393D000095DCA /* ResetOperation.swift */,
				F3DD97132034B861006B1235 /* EraseOperation.swift */,
				F3DD97172034B8DF006B1235 /* ConfirmOperation.swift */,
				F3DD971A2034BE34006B1235 /* TestOperation.swift */,
				F3DD971D2034BEF7006B1235 /* UploadOperation.swift */,
				F34D073A205D1F8700946F3F /* TaskStatsOperation.swift */,
				F34D0749205D2ED400946F3F /* MPStatsOperation.swift */,
				F34D0761205D3CFF00946F3F /* LogClearOperation.swift */,
				F34D0765205D3D0C00946F3F /* LogLevelListOperation.swift */,
				F34D076D205D3D1C00946F3F /* LogListOperation.swift */,
				F34D0771205D3D2F00946F3F /* LogModuleListOperation.swift */,
				F34D0775205D3D3D00946F3F /* LogShowOperation.swift */,
			);
			path = Operations;
			sourceTree = "<group>";
		};
		F3A6BAF22030B549007AF2DB = {
			isa = PBXGroup;
			children = (
				F3A6BAFE2030B549007AF2DB /* NewtKit */,
				F3A6BB092030B549007AF2DB /* NewtKitTests */,
				F310C61A20409E3100D38489 /* NewtKit-macOS */,
				F3A6BAFD2030B549007AF2DB /* Products */,
				F3A6BB282030C0BC007AF2DB /* Frameworks */,
			);
			sourceTree = "<group>";
		};
		F3A6BAFD2030B549007AF2DB /* Products */ = {
			isa = PBXGroup;
			children = (
				F3A6BB052030B549007AF2DB /* NewtKitTests.xctest */,
				F34D3D4F20409D5800FC6957 /* NewtKit.framework */,
				F310C61920409E3100D38489 /* NewtKit_macOS.framework */,
			);
			name = Products;
			sourceTree = "<group>";
		};
		F3A6BAFE2030B549007AF2DB /* NewtKit */ = {
			isa = PBXGroup;
			children = (
				F3A6BAFF2030B549007AF2DB /* NewtKit.h */,
				F3E9D85E20321DFF0085424F /* Newt */,
				F34D3CC5204097AD00FC6957 /* Extensions */,
				F3A6BB002030B549007AF2DB /* Info.plist */,
			);
			path = NewtKit;
			sourceTree = "<group>";
		};
		F3A6BB092030B549007AF2DB /* NewtKitTests */ = {
			isa = PBXGroup;
			children = (
				F3A6BB0A2030B549007AF2DB /* NewtKitTests.swift */,
				F3A6BB0C2030B549007AF2DB /* Info.plist */,
			);
			path = NewtKitTests;
			sourceTree = "<group>";
		};
		F3A6BB282030C0BC007AF2DB /* Frameworks */ = {
			isa = PBXGroup;
			children = (
				F3EEAEB4207D373800EBB84E /* Result.framework */,
			);
			name = Frameworks;
			sourceTree = "<group>";
		};
		F3E9D85E20321DFF0085424F /* Newt */ = {
			isa = PBXGroup;
			children = (
				F3E9D85820321B990085424F /* NewtService.swift */,
				F3A6BB1C2030BC73007AF2DB /* Constants.swift */,
				F3A6BB192030B621007AF2DB /* Packet.swift */,
				F34D0744205D1FFA00946F3F /* Model */,
				F35FFDBE2033980800095DCA /* Operations */,
			);
			path = Newt;
			sourceTree = "<group>";
		};
/* End PBXGroup section */

/* Begin PBXHeadersBuildPhase section */
		F310C61620409E3100D38489 /* Headers */ = {
			isa = PBXHeadersBuildPhase;
			buildActionMask = 2147483647;
			files = (
				F310C61D20409E3100D38489 /* NewtKit_macOS.h in Headers */,
			);
			runOnlyForDeploymentPostprocessing = 0;
		};
		F34D3D4C20409D5800FC6957 /* Headers */ = {
			isa = PBXHeadersBuildPhase;
			buildActionMask = 2147483647;
			files = (
				F310C60D20409DD200D38489 /* NewtKit.h in Headers */,
			);
			runOnlyForDeploymentPostprocessing = 0;
		};
/* End PBXHeadersBuildPhase section */

/* Begin PBXNativeTarget section */
		F310C61820409E3100D38489 /* NewtKit-macOS */ = {
			isa = PBXNativeTarget;
			buildConfigurationList = F310C61E20409E3100D38489 /* Build configuration list for PBXNativeTarget "NewtKit-macOS" */;
			buildPhases = (
				F310C61420409E3100D38489 /* Sources */,
				F310C61520409E3100D38489 /* Frameworks */,
				F310C61620409E3100D38489 /* Headers */,
				F310C61720409E3100D38489 /* Resources */,
			);
			buildRules = (
			);
			dependencies = (
			);
			name = "NewtKit-macOS";
			productName = "NewtKit-macOS";
			productReference = F310C61920409E3100D38489 /* NewtKit_macOS.framework */;
			productType = "com.apple.product-type.framework";
		};
		F34D3D4E20409D5800FC6957 /* NewtKit-iOS */ = {
			isa = PBXNativeTarget;
			buildConfigurationList = F34D3D5420409D5800FC6957 /* Build configuration list for PBXNativeTarget "NewtKit-iOS" */;
			buildPhases = (
				F34D3D4A20409D5800FC6957 /* Sources */,
				F34D3D4B20409D5800FC6957 /* Frameworks */,
				F34D3D4C20409D5800FC6957 /* Headers */,
				F34D3D4D20409D5800FC6957 /* Resources */,
			);
			buildRules = (
			);
			dependencies = (
			);
			name = "NewtKit-iOS";
			productName = "NewtKit-iOS";
			productReference = F34D3D4F20409D5800FC6957 /* NewtKit.framework */;
			productType = "com.apple.product-type.framework";
		};
		F3A6BB042030B549007AF2DB /* NewtKitTests */ = {
			isa = PBXNativeTarget;
			buildConfigurationList = F3A6BB132030B549007AF2DB /* Build configuration list for PBXNativeTarget "NewtKitTests" */;
			buildPhases = (
				F3A6BB012030B549007AF2DB /* Sources */,
				F3A6BB022030B549007AF2DB /* Frameworks */,
				F3A6BB032030B549007AF2DB /* Resources */,
			);
			buildRules = (
			);
			dependencies = (
			);
			name = NewtKitTests;
			productName = NewtKitTests;
			productReference = F3A6BB052030B549007AF2DB /* NewtKitTests.xctest */;
			productType = "com.apple.product-type.bundle.unit-test";
		};
/* End PBXNativeTarget section */

/* Begin PBXProject section */
		F3A6BAF32030B549007AF2DB /* Project object */ = {
			isa = PBXProject;
			attributes = {
				LastSwiftUpdateCheck = 0920;
				LastUpgradeCheck = 0930;
				ORGANIZATIONNAME = "Chipp'd";
				TargetAttributes = {
					F310C61820409E3100D38489 = {
						CreatedOnToolsVersion = 9.2;
						ProvisioningStyle = Automatic;
					};
					F34D3D4E20409D5800FC6957 = {
						CreatedOnToolsVersion = 9.2;
						ProvisioningStyle = Automatic;
					};
					F3A6BB042030B549007AF2DB = {
						CreatedOnToolsVersion = 9.2;
						ProvisioningStyle = Automatic;
					};
				};
			};
			buildConfigurationList = F3A6BAF62030B549007AF2DB /* Build configuration list for PBXProject "NewtKit" */;
			compatibilityVersion = "Xcode 8.0";
			developmentRegion = en;
			hasScannedForEncodings = 0;
			knownRegions = (
				en,
			);
			mainGroup = F3A6BAF22030B549007AF2DB;
			productRefGroup = F3A6BAFD2030B549007AF2DB /* Products */;
			projectDirPath = "";
			projectRoot = "";
			targets = (
				F3A6BB042030B549007AF2DB /* NewtKitTests */,
				F34D3D4E20409D5800FC6957 /* NewtKit-iOS */,
				F310C61820409E3100D38489 /* NewtKit-macOS */,
			);
		};
/* End PBXProject section */

/* Begin PBXResourcesBuildPhase section */
		F310C61720409E3100D38489 /* Resources */ = {
			isa = PBXResourcesBuildPhase;
			buildActionMask = 2147483647;
			files = (
			);
			runOnlyForDeploymentPostprocessing = 0;
		};
		F34D3D4D20409D5800FC6957 /* Resources */ = {
			isa = PBXResourcesBuildPhase;
			buildActionMask = 2147483647;
			files = (
			);
			runOnlyForDeploymentPostprocessing = 0;
		};
		F3A6BB032030B549007AF2DB /* Resources */ = {
			isa = PBXResourcesBuildPhase;
			buildActionMask = 2147483647;
			files = (
			);
			runOnlyForDeploymentPostprocessing = 0;
		};
/* End PBXResourcesBuildPhase section */

/* Begin PBXSourcesBuildPhase section */
		F310C61420409E3100D38489 /* Sources */ = {
			isa = PBXSourcesBuildPhase;
			buildActionMask = 2147483647;
			files = (
				F34D075A205D37AA00946F3F /* MPStat.swift in Sources */,
				F310C62120409E4900D38489 /* NewtService.swift in Sources */,
				F310C62220409E4900D38489 /* Constants.swift in Sources */,
				F310C62420409E4900D38489 /* Packet.swift in Sources */,
				F34D074C205D2ED400946F3F /* MPStatsOperation.swift in Sources */,
				F310C62520409E4900D38489 /* Image.swift in Sources */,
				F34D0774205D3D2F00946F3F /* LogModuleListOperation.swift in Sources */,
				F34D073D205D1F8700946F3F /* TaskStatsOperation.swift in Sources */,
				F3525A50205D6BFF004547F6 /* Stat.swift in Sources */,
				F310C62620409E4900D38489 /* NewtOperation.swift in Sources */,
				F34D0768205D3D0C00946F3F /* LogLevelListOperation.swift in Sources */,
				F310C62720409E4900D38489 /* ImageListOperation.swift in Sources */,
				F310C62820409E4900D38489 /* StatsListOperation.swift in Sources */,
				F34D0770205D3D1C00946F3F /* LogListOperation.swift in Sources */,
				F310C62920409E4900D38489 /* ResetOperation.swift in Sources */,
				F310C62A20409E4900D38489 /* EraseOperation.swift in Sources */,
				F310C62B20409E4900D38489 /* ConfirmOperation.swift in Sources */,
				F34D0780205D439000946F3F /* LogModule.swift in Sources */,
				F34D0748205D200E00946F3F /* TaskStat.swift in Sources */,
				F34D0784205D6ABB00946F3F /* StatsOperation.swift in Sources */,
				F310C62C20409E4900D38489 /* TestOperation.swift in Sources */,
				F34D077C205D426900946F3F /* LogLevel.swift in Sources */,
				F310C62D20409E4900D38489 /* UploadOperation.swift in Sources */,
				F34D0778205D3D3D00946F3F /* LogShowOperation.swift in Sources */,
				F310C62E20409E4900D38489 /* Data+Util.swift in Sources */,
				F34D0764205D3CFF00946F3F /* LogClearOperation.swift in Sources */,
			);
			runOnlyForDeploymentPostprocessing = 0;
		};
		F34D3D4A20409D5800FC6957 /* Sources */ = {
			isa = PBXSourcesBuildPhase;
			buildActionMask = 2147483647;
			files = (
				F34D0759205D37AA00946F3F /* MPStat.swift in Sources */,
				F34D3D6420409D7200FC6957 /* Data+Util.swift in Sources */,
				F34D3D5C20409D6D00FC6957 /* NewtOperation.swift in Sources */,
				F34D3D5D20409D6D00FC6957 /* ImageListOperation.swift in Sources */,
				F34D3D5E20409D6D00FC6957 /* StatsListOperation.swift in Sources */,
				F34D074B205D2ED400946F3F /* MPStatsOperation.swift in Sources */,
				F34D3D5F20409D6D00FC6957 /* ResetOperation.swift in Sources */,
				F34D0773205D3D2F00946F3F /* LogModuleListOperation.swift in Sources */,
				F34D073C205D1F8700946F3F /* TaskStatsOperation.swift in Sources */,
				F3525A4F205D6BFF004547F6 /* Stat.swift in Sources */,
				F34D3D6020409D6D00FC6957 /* EraseOperation.swift in Sources */,
				F34D0767205D3D0C00946F3F /* LogLevelListOperation.swift in Sources */,
				F34D3D6120409D6D00FC6957 /* ConfirmOperation.swift in Sources */,
				F34D3D6220409D6D00FC6957 /* TestOperation.swift in Sources */,
				F34D076F205D3D1C00946F3F /* LogListOperation.swift in Sources */,
				F34D3D6320409D6D00FC6957 /* UploadOperation.swift in Sources */,
				F34D3D5720409D6800FC6957 /* NewtService.swift in Sources */,
				F34D3D5820409D6800FC6957 /* Constants.swift in Sources */,
				F34D077F205D439000946F3F /* LogModule.swift in Sources */,
				F34D0747205D200E00946F3F /* TaskStat.swift in Sources */,
				F34D0783205D6ABB00946F3F /* StatsOperation.swift in Sources */,
				F34D077B205D426900946F3F /* LogLevel.swift in Sources */,
				F34D3D5A20409D6800FC6957 /* Packet.swift in Sources */,
				F34D0777205D3D3D00946F3F /* LogShowOperation.swift in Sources */,
				F34D3D5B20409D6800FC6957 /* Image.swift in Sources */,
				F34D0763205D3CFF00946F3F /* LogClearOperation.swift in Sources */,
			);
			runOnlyForDeploymentPostprocessing = 0;
		};
		F3A6BB012030B549007AF2DB /* Sources */ = {
			isa = PBXSourcesBuildPhase;
			buildActionMask = 2147483647;
			files = (
				F34D0758205D37AA00946F3F /* MPStat.swift in Sources */,
				F3DD97192034B8DF006B1235 /* ConfirmOperation.swift in Sources */,
				F3DD971C2034BE34006B1235 /* TestOperation.swift in Sources */,
				F3A6BB0B2030B549007AF2DB /* NewtKitTests.swift in Sources */,
				F3DD97152034B861006B1235 /* EraseOperation.swift in Sources */,
				F34D074A205D2ED400946F3F /* MPStatsOperation.swift in Sources */,
				F35FFDBA20338E5C00095DCA /* Image.swift in Sources */,
				F34D0772205D3D2F00946F3F /* LogModuleListOperation.swift in Sources */,
				F34D073B205D1F8700946F3F /* TaskStatsOperation.swift in Sources */,
				F3525A4E205D6BFF004547F6 /* Stat.swift in Sources */,
				F3E9D85520321B0A0085424F /* NewtOperation.swift in Sources */,
				F34D0766205D3D0C00946F3F /* LogLevelListOperation.swift in Sources */,
				F35FFDBD203393D000095DCA /* ResetOperation.swift in Sources */,
				F3E9D85A20321B990085424F /* NewtService.swift in Sources */,
				F34D076E205D3D1C00946F3F /* LogListOperation.swift in Sources */,
				F3DD971F2034BEF7006B1235 /* UploadOperation.swift in Sources */,
				F3A6BB1B2030B621007AF2DB /* Packet.swift in Sources */,
				F3A6BB1E2030BC73007AF2DB /* Constants.swift in Sources */,
				F34D077E205D439000946F3F /* LogModule.swift in Sources */,
				F34D0746205D200E00946F3F /* TaskStat.swift in Sources */,
				F34D0782205D6ABB00946F3F /* StatsOperation.swift in Sources */,
				F34D077A205D426900946F3F /* LogLevel.swift in Sources */,
				F3E9D85D20321CD30085424F /* ImageListOperation.swift in Sources */,
				F34D0776205D3D3D00946F3F /* LogShowOperation.swift in Sources */,
				F3E9D861203256120085424F /* StatsListOperation.swift in Sources */,
				F34D0762205D3CFF00946F3F /* LogClearOperation.swift in Sources */,
			);
			runOnlyForDeploymentPostprocessing = 0;
		};
/* End PBXSourcesBuildPhase section */

/* Begin XCBuildConfiguration section */
		F310C61F20409E3100D38489 /* Debug */ = {
			isa = XCBuildConfiguration;
			buildSettings = {
				CODE_SIGN_IDENTITY = "";
				CODE_SIGN_STYLE = Automatic;
				COMBINE_HIDPI_IMAGES = YES;
				DEFINES_MODULE = YES;
				DEVELOPMENT_TEAM = N5L4B84AM5;
				DYLIB_COMPATIBILITY_VERSION = 1;
				DYLIB_CURRENT_VERSION = 1;
				DYLIB_INSTALL_NAME_BASE = "@rpath";
				FRAMEWORK_VERSION = A;
				INFOPLIST_FILE = "NewtKit-macOS/Info.plist";
				INSTALL_PATH = "$(LOCAL_LIBRARY_DIR)/Frameworks";
				LD_RUNPATH_SEARCH_PATHS = "$(inherited) @executable_path/../Frameworks @loader_path/Frameworks";
				MACOSX_DEPLOYMENT_TARGET = 10.13;
				PRODUCT_BUNDLE_IDENTIFIER = "com.chippd.NewtKit-macOS";
				PRODUCT_NAME = "$(TARGET_NAME:c99extidentifier)";
				SDKROOT = macosx;
				SKIP_INSTALL = YES;
				SWIFT_VERSION = 4.0;
			};
			name = Debug;
		};
		F310C62020409E3100D38489 /* Release */ = {
			isa = XCBuildConfiguration;
			buildSettings = {
				CODE_SIGN_IDENTITY = "";
				CODE_SIGN_STYLE = Automatic;
				COMBINE_HIDPI_IMAGES = YES;
				DEFINES_MODULE = YES;
				DEVELOPMENT_TEAM = N5L4B84AM5;
				DYLIB_COMPATIBILITY_VERSION = 1;
				DYLIB_CURRENT_VERSION = 1;
				DYLIB_INSTALL_NAME_BASE = "@rpath";
				FRAMEWORK_VERSION = A;
				INFOPLIST_FILE = "NewtKit-macOS/Info.plist";
				INSTALL_PATH = "$(LOCAL_LIBRARY_DIR)/Frameworks";
				LD_RUNPATH_SEARCH_PATHS = "$(inherited) @executable_path/../Frameworks @loader_path/Frameworks";
				MACOSX_DEPLOYMENT_TARGET = 10.13;
				PRODUCT_BUNDLE_IDENTIFIER = "com.chippd.NewtKit-macOS";
				PRODUCT_NAME = "$(TARGET_NAME:c99extidentifier)";
				SDKROOT = macosx;
				SKIP_INSTALL = YES;
				SWIFT_VERSION = 4.0;
			};
			name = Release;
		};
		F34D3D5520409D5800FC6957 /* Debug */ = {
			isa = XCBuildConfiguration;
			buildSettings = {
				CODE_SIGN_IDENTITY = "";
				"CODE_SIGN_IDENTITY[sdk=iphoneos*]" = "iPhone Developer";
				CODE_SIGN_STYLE = Automatic;
				COMBINE_HIDPI_IMAGES = YES;
				DEFINES_MODULE = YES;
				DEVELOPMENT_TEAM = N5L4B84AM5;
				DYLIB_COMPATIBILITY_VERSION = 1;
				DYLIB_CURRENT_VERSION = 1;
				DYLIB_INSTALL_NAME_BASE = "@rpath";
				FRAMEWORK_VERSION = A;
				INFOPLIST_FILE = "$(SRCROOT)/NewtKit/Info.plist";
				INSTALL_PATH = "$(LOCAL_LIBRARY_DIR)/Frameworks";
				LD_RUNPATH_SEARCH_PATHS = "$(inherited) @executable_path/../Frameworks @loader_path/Frameworks";
				MACOSX_DEPLOYMENT_TARGET = 10.13;
				PRODUCT_BUNDLE_IDENTIFIER = "com.chippd.NewtKit-iOS";
				PRODUCT_NAME = NewtKit;
				SDKROOT = iphoneos;
				SKIP_INSTALL = YES;
				SWIFT_VERSION = 4.0;
			};
			name = Debug;
		};
		F34D3D5620409D5800FC6957 /* Release */ = {
			isa = XCBuildConfiguration;
			buildSettings = {
				CODE_SIGN_IDENTITY = "";
				CODE_SIGN_STYLE = Automatic;
				COMBINE_HIDPI_IMAGES = YES;
				DEFINES_MODULE = YES;
				DEVELOPMENT_TEAM = N5L4B84AM5;
				DYLIB_COMPATIBILITY_VERSION = 1;
				DYLIB_CURRENT_VERSION = 1;
				DYLIB_INSTALL_NAME_BASE = "@rpath";
				FRAMEWORK_VERSION = A;
				INFOPLIST_FILE = "$(SRCROOT)/NewtKit/Info.plist";
				INSTALL_PATH = "$(LOCAL_LIBRARY_DIR)/Frameworks";
				LD_RUNPATH_SEARCH_PATHS = "$(inherited) @executable_path/../Frameworks @loader_path/Frameworks";
				MACOSX_DEPLOYMENT_TARGET = 10.13;
				PRODUCT_BUNDLE_IDENTIFIER = "com.chippd.NewtKit-iOS";
				PRODUCT_NAME = NewtKit;
				SDKROOT = iphoneos;
				SKIP_INSTALL = YES;
				SWIFT_VERSION = 4.0;
			};
			name = Release;
		};
		F3A6BB0E2030B549007AF2DB /* Debug */ = {
			isa = XCBuildConfiguration;
			buildSettings = {
				ALWAYS_SEARCH_USER_PATHS = NO;
				CLANG_ANALYZER_NONNULL = YES;
				CLANG_ANALYZER_NUMBER_OBJECT_CONVERSION = YES_AGGRESSIVE;
				CLANG_CXX_LANGUAGE_STANDARD = "gnu++14";
				CLANG_CXX_LIBRARY = "libc++";
				CLANG_ENABLE_MODULES = YES;
				CLANG_ENABLE_OBJC_ARC = YES;
				CLANG_WARN_BLOCK_CAPTURE_AUTORELEASING = YES;
				CLANG_WARN_BOOL_CONVERSION = YES;
				CLANG_WARN_COMMA = YES;
				CLANG_WARN_CONSTANT_CONVERSION = YES;
				CLANG_WARN_DEPRECATED_OBJC_IMPLEMENTATIONS = YES;
				CLANG_WARN_DIRECT_OBJC_ISA_USAGE = YES_ERROR;
				CLANG_WARN_DOCUMENTATION_COMMENTS = YES;
				CLANG_WARN_EMPTY_BODY = YES;
				CLANG_WARN_ENUM_CONVERSION = YES;
				CLANG_WARN_INFINITE_RECURSION = YES;
				CLANG_WARN_INT_CONVERSION = YES;
				CLANG_WARN_NON_LITERAL_NULL_CONVERSION = YES;
				CLANG_WARN_OBJC_IMPLICIT_RETAIN_SELF = YES;
				CLANG_WARN_OBJC_LITERAL_CONVERSION = YES;
				CLANG_WARN_OBJC_ROOT_CLASS = YES_ERROR;
				CLANG_WARN_RANGE_LOOP_ANALYSIS = YES;
				CLANG_WARN_STRICT_PROTOTYPES = YES;
				CLANG_WARN_SUSPICIOUS_MOVE = YES;
				CLANG_WARN_UNGUARDED_AVAILABILITY = YES_AGGRESSIVE;
				CLANG_WARN_UNREACHABLE_CODE = YES;
				CLANG_WARN__DUPLICATE_METHOD_MATCH = YES;
				CODE_SIGN_IDENTITY = "iPhone Developer";
				COPY_PHASE_STRIP = NO;
				CURRENT_PROJECT_VERSION = 1;
				DEBUG_INFORMATION_FORMAT = dwarf;
				ENABLE_STRICT_OBJC_MSGSEND = YES;
				ENABLE_TESTABILITY = YES;
				GCC_C_LANGUAGE_STANDARD = gnu11;
				GCC_DYNAMIC_NO_PIC = NO;
				GCC_NO_COMMON_BLOCKS = YES;
				GCC_OPTIMIZATION_LEVEL = 0;
				GCC_PREPROCESSOR_DEFINITIONS = (
					"DEBUG=1",
					"$(inherited)",
				);
				GCC_WARN_64_TO_32_BIT_CONVERSION = YES;
				GCC_WARN_ABOUT_RETURN_TYPE = YES_ERROR;
				GCC_WARN_UNDECLARED_SELECTOR = YES;
				GCC_WARN_UNINITIALIZED_AUTOS = YES_AGGRESSIVE;
				GCC_WARN_UNUSED_FUNCTION = YES;
				GCC_WARN_UNUSED_VARIABLE = YES;
				IPHONEOS_DEPLOYMENT_TARGET = 9.0;
				MACOSX_DEPLOYMENT_TARGET = 10.11;
				MTL_ENABLE_DEBUG_INFO = YES;
				ONLY_ACTIVE_ARCH = YES;
				SDKROOT = iphoneos;
				SWIFT_ACTIVE_COMPILATION_CONDITIONS = DEBUG;
				SWIFT_OPTIMIZATION_LEVEL = "-Onone";
				SWIFT_VERSION = 4.0;
				VERSIONING_SYSTEM = "apple-generic";
				VERSION_INFO_PREFIX = "";
			};
			name = Debug;
		};
		F3A6BB0F2030B549007AF2DB /* Release */ = {
			isa = XCBuildConfiguration;
			buildSettings = {
				ALWAYS_SEARCH_USER_PATHS = NO;
				CLANG_ANALYZER_NONNULL = YES;
				CLANG_ANALYZER_NUMBER_OBJECT_CONVERSION = YES_AGGRESSIVE;
				CLANG_CXX_LANGUAGE_STANDARD = "gnu++14";
				CLANG_CXX_LIBRARY = "libc++";
				CLANG_ENABLE_MODULES = YES;
				CLANG_ENABLE_OBJC_ARC = YES;
				CLANG_WARN_BLOCK_CAPTURE_AUTORELEASING = YES;
				CLANG_WARN_BOOL_CONVERSION = YES;
				CLANG_WARN_COMMA = YES;
				CLANG_WARN_CONSTANT_CONVERSION = YES;
				CLANG_WARN_DEPRECATED_OBJC_IMPLEMENTATIONS = YES;
				CLANG_WARN_DIRECT_OBJC_ISA_USAGE = YES_ERROR;
				CLANG_WARN_DOCUMENTATION_COMMENTS = YES;
				CLANG_WARN_EMPTY_BODY = YES;
				CLANG_WARN_ENUM_CONVERSION = YES;
				CLANG_WARN_INFINITE_RECURSION = YES;
				CLANG_WARN_INT_CONVERSION = YES;
				CLANG_WARN_NON_LITERAL_NULL_CONVERSION = YES;
				CLANG_WARN_OBJC_IMPLICIT_RETAIN_SELF = YES;
				CLANG_WARN_OBJC_LITERAL_CONVERSION = YES;
				CLANG_WARN_OBJC_ROOT_CLASS = YES_ERROR;
				CLANG_WARN_RANGE_LOOP_ANALYSIS = YES;
				CLANG_WARN_STRICT_PROTOTYPES = YES;
				CLANG_WARN_SUSPICIOUS_MOVE = YES;
				CLANG_WARN_UNGUARDED_AVAILABILITY = YES_AGGRESSIVE;
				CLANG_WARN_UNREACHABLE_CODE = YES;
				CLANG_WARN__DUPLICATE_METHOD_MATCH = YES;
				CODE_SIGN_IDENTITY = "iPhone Developer";
				COPY_PHASE_STRIP = NO;
				CURRENT_PROJECT_VERSION = 1;
				DEBUG_INFORMATION_FORMAT = "dwarf-with-dsym";
				ENABLE_NS_ASSERTIONS = NO;
				ENABLE_STRICT_OBJC_MSGSEND = YES;
				GCC_C_LANGUAGE_STANDARD = gnu11;
				GCC_NO_COMMON_BLOCKS = YES;
				GCC_WARN_64_TO_32_BIT_CONVERSION = YES;
				GCC_WARN_ABOUT_RETURN_TYPE = YES_ERROR;
				GCC_WARN_UNDECLARED_SELECTOR = YES;
				GCC_WARN_UNINITIALIZED_AUTOS = YES_AGGRESSIVE;
				GCC_WARN_UNUSED_FUNCTION = YES;
				GCC_WARN_UNUSED_VARIABLE = YES;
				IPHONEOS_DEPLOYMENT_TARGET = 9.0;
				MACOSX_DEPLOYMENT_TARGET = 10.11;
				MTL_ENABLE_DEBUG_INFO = NO;
				SDKROOT = iphoneos;
				SWIFT_OPTIMIZATION_LEVEL = "-Owholemodule";
				SWIFT_VERSION = 4.0;
				VALIDATE_PRODUCT = YES;
				VERSIONING_SYSTEM = "apple-generic";
				VERSION_INFO_PREFIX = "";
			};
			name = Release;
		};
		F3A6BB142030B549007AF2DB /* Debug */ = {
			isa = XCBuildConfiguration;
			buildSettings = {
				ALWAYS_EMBED_SWIFT_STANDARD_LIBRARIES = YES;
				CODE_SIGN_STYLE = Automatic;
				DEVELOPMENT_TEAM = N5L4B84AM5;
				INFOPLIST_FILE = NewtKitTests/Info.plist;
				LD_RUNPATH_SEARCH_PATHS = "$(inherited) @executable_path/Frameworks @loader_path/Frameworks";
				PRODUCT_BUNDLE_IDENTIFIER = com.chippd.NewtKitTests;
				PRODUCT_NAME = "$(TARGET_NAME)";
				SWIFT_VERSION = 4.0;
				TARGETED_DEVICE_FAMILY = "1,2";
			};
			name = Debug;
		};
		F3A6BB152030B549007AF2DB /* Release */ = {
			isa = XCBuildConfiguration;
			buildSettings = {
				ALWAYS_EMBED_SWIFT_STANDARD_LIBRARIES = YES;
				CODE_SIGN_STYLE = Automatic;
				DEVELOPMENT_TEAM = N5L4B84AM5;
				INFOPLIST_FILE = NewtKitTests/Info.plist;
				LD_RUNPATH_SEARCH_PATHS = "$(inherited) @executable_path/Frameworks @loader_path/Frameworks";
				PRODUCT_BUNDLE_IDENTIFIER = com.chippd.NewtKitTests;
				PRODUCT_NAME = "$(TARGET_NAME)";
				SWIFT_VERSION = 4.0;
				TARGETED_DEVICE_FAMILY = "1,2";
			};
			name = Release;
		};
/* End XCBuildConfiguration section */

/* Begin XCConfigurationList section */
		F310C61E20409E3100D38489 /* Build configuration list for PBXNativeTarget "NewtKit-macOS" */ = {
			isa = XCConfigurationList;
			buildConfigurations = (
				F310C61F20409E3100D38489 /* Debug */,
				F310C62020409E3100D38489 /* Release */,
			);
			defaultConfigurationIsVisible = 0;
			defaultConfigurationName = Release;
		};
		F34D3D5420409D5800FC6957 /* Build configuration list for PBXNativeTarget "NewtKit-iOS" */ = {
			isa = XCConfigurationList;
			buildConfigurations = (
				F34D3D5520409D5800FC6957 /* Debug */,
				F34D3D5620409D5800FC6957 /* Release */,
			);
			defaultConfigurationIsVisible = 0;
			defaultConfigurationName = Release;
		};
		F3A6BAF62030B549007AF2DB /* Build configuration list for PBXProject "NewtKit" */ = {
			isa = XCConfigurationList;
			buildConfigurations = (
				F3A6BB0E2030B549007AF2DB /* Debug */,
				F3A6BB0F2030B549007AF2DB /* Release */,
			);
			defaultConfigurationIsVisible = 0;
			defaultConfigurationName = Release;
		};
		F3A6BB132030B549007AF2DB /* Build configuration list for PBXNativeTarget "NewtKitTests" */ = {
			isa = XCConfigurationList;
			buildConfigurations = (
				F3A6BB142030B549007AF2DB /* Debug */,
				F3A6BB152030B549007AF2DB /* Release */,
			);
			defaultConfigurationIsVisible = 0;
			defaultConfigurationName = Release;
		};
/* End XCConfigurationList section */
	};
	rootObject = F3A6BAF32030B549007AF2DB /* Project object */;
}
